
Microsoft Visual Studio Solution File, Format Version 12.00
# Visual Studio Version 16
VisualStudioVersion = 16.0.32106.194
MinimumVisualStudioVersion = 10.0.40219.1
Project("{FAE04EC0-301F-11D3-BF4B-00C04F79EFBC}") = "LocadoraTeste", "LocadoraTeste\LocadoraTeste.csproj", "{C300DB5E-76F7-4A3B-9A01-2C7292359B5F}"
EndProject
Global
	GlobalSection(SolutionConfigurationPlatforms) = preSolution
		Debug|Any CPU = Debug|Any CPU
		Release|Any CPU = Release|Any CPU
	EndGlobalSection
	GlobalSection(ProjectConfigurationPlatforms) = postSolution
		{C300DB5E-76F7-4A3B-9A01-2C7292359B5F}.Debug|Any CPU.ActiveCfg = Debug|Any CPU
		{C300DB5E-76F7-4A3B-9A01-2C7292359B5F}.Debug|Any CPU.Build.0 = Debug|Any CPU
		{C300DB5E-76F7-4A3B-9A01-2C7292359B5F}.Release|Any CPU.ActiveCfg = Release|Any CPU
		{C300DB5E-76F7-4A3B-9A01-2C7292359B5F}.Release|Any CPU.Build.0 = Release|Any CPU
	EndGlobalSection
	GlobalSection(SolutionProperties) = preSolution
		HideSolutionNode = FALSE
	EndGlobalSection
	GlobalSection(ExtensibilityGlobals) = postSolution
		SolutionGuid = {3AA34F2E-635B-4029-A1B0-DBAB65B9346C}
	EndGlobalSection
EndGlobal
